{
    "name": "inflated-app-bot-discord",
    "version": "1.0.0",
    "lockfileVersion": 3,
    "requires": true,
    "packages": {
        "": {
            "name": "inflated-app-bot-discord",
            "version": "1.0.0",
            "devDependencies": {
                "@tsconfig/node20": "^1.0.1",
                "@types/node": "^20.3.1",
                "typescript": "^5.1.3"
            }
        },
        "node_modules/@tsconfig/node20": {
            "version": "1.0.1",
            "resolved": "https://registry.npmjs.org/@tsconfig/node20/-/node20-1.0.1.tgz",
            "integrity": "sha512-ovd+Yu8j7zgVXA3jRfLRXGknScbVwg9p+R9k4/0EVJzymxokkyoib2Hjt1A2hGK5qehqBIwV8NYvUF/rG+2+wQ==",
            "dev": true
        },
        "node_modules/@types/node": {
            "version": "20.3.1",
            "resolved": "https://registry.npmjs.org/@types/node/-/node-20.3.1.tgz",
            "integrity": "sha512-EhcH/wvidPy1WeML3TtYFGR83UzjxeWRen9V402T8aUGYsCHOmfoisV3ZSg03gAFIbLq8TnWOJ0f4cALtnSEUg==",
            "dev": true
        },
        "node_modules/typescript": {
            "version": "5.1.3",
            "resolved": "https://registry.npmjs.org/typescript/-/typescript-5.1.3.tgz",
            "integrity": "sha512-XH627E9vkeqhlZFQuL+UsyAXEnibT0kWR2FWONlr4sTjvxyJYnyefgrkyECLzM5NenmKzRAy2rR/OlYLA1HkZw==",
            "dev": true,
            "bin": {
                "tsc": "bin/tsc",
                "tsserver": "bin/tsserver"
            },
            "engines": {
                "node": ">=14.17"
            }
        }
    }
}
